
Microsoft Visual Studio Solution File, Format Version 12.00
# Visual Studio 15
VisualStudioVersion = 15.0.27703.2000
MinimumVisualStudioVersion = 10.0.40219.1
Project("{9A19103F-16F7-4668-BE54-9A1E7A4F7556}") = "Xml.Content.Parser.API", "src\Xml.Content.Parser.API\Xml.Content.Parser.API.csproj", "{60AA1F82-A9F1-4888-A4D2-E794070E8F75}"
EndProject
Project("{9A19103F-16F7-4668-BE54-9A1E7A4F7556}") = "Xml.Content.Parser.Repository", "src\Xml.Content.Parser.Repository\Xml.Content.Parser.Repository.csproj", "{FC868E9A-2C80-4C08-BB35-DECEEA38D2A4}"
EndProject
Project("{9A19103F-16F7-4668-BE54-9A1E7A4F7556}") = "Xml.Content.Parser.Common", "src\Xml.Content.Parser.Common\Xml.Content.Parser.Common.csproj", "{311F4DC8-4986-488F-955A-3AC2BB908213}"
EndProject
Project("{2150E333-8FDC-42A3-9474-1A3956D46DE8}") = "1. Common", "1. Common", "{A8719D23-2CB5-4F2E-A4C9-00892760212E}"
EndProject
Project("{2150E333-8FDC-42A3-9474-1A3956D46DE8}") = "2. API", "2. API", "{B1FDC043-BF6F-49FD-B52D-69A7763024E0}"
EndProject
Project("{2150E333-8FDC-42A3-9474-1A3956D46DE8}") = "3. Core", "3. Core", "{52AEA4E6-A051-4AE5-A0D7-D4DBEDFAF493}"
EndProject
Project("{2150E333-8FDC-42A3-9474-1A3956D46DE8}") = "4. Tests", "4. Tests", "{702385B8-84A5-4B9F-AD97-6B8BE9D07516}"
EndProject
Project("{9A19103F-16F7-4668-BE54-9A1E7A4F7556}") = "Xml.Content.Parser.Core.Tests", "tests\Xml.Content.Parser.Core.Tests\Xml.Content.Parser.Core.Tests.csproj", "{6DF1899A-6D9E-4D75-99CC-9A8AF1E35790}"
EndProject
Project("{9A19103F-16F7-4668-BE54-9A1E7A4F7556}") = "Xml.Content.Parser.Core", "src\Xml.Content.Parser.Core\Xml.Content.Parser.Core.csproj", "{6472BE24-0465-4A56-B99D-EB6EFB39CC72}"
EndProject
Project("{FAE04EC0-301F-11D3-BF4B-00C04F79EFBC}") = "Xml.Content.Parser.Tests.Common", "tests\Xml.Content.Parser.Tests.Common\Xml.Content.Parser.Tests.Common.csproj", "{06B5F89C-F135-4064-88DD-7F52ADC31BDB}"
EndProject
Global
	GlobalSection(SolutionConfigurationPlatforms) = preSolution
		Debug|Any CPU = Debug|Any CPU
		Release|Any CPU = Release|Any CPU
	EndGlobalSection
	GlobalSection(ProjectConfigurationPlatforms) = postSolution
		{60AA1F82-A9F1-4888-A4D2-E794070E8F75}.Debug|Any CPU.ActiveCfg = Debug|Any CPU
		{60AA1F82-A9F1-4888-A4D2-E794070E8F75}.Debug|Any CPU.Build.0 = Debug|Any CPU
		{60AA1F82-A9F1-4888-A4D2-E794070E8F75}.Release|Any CPU.ActiveCfg = Release|Any CPU
		{60AA1F82-A9F1-4888-A4D2-E794070E8F75}.Release|Any CPU.Build.0 = Release|Any CPU
		{FC868E9A-2C80-4C08-BB35-DECEEA38D2A4}.Debug|Any CPU.ActiveCfg = Debug|Any CPU
		{FC868E9A-2C80-4C08-BB35-DECEEA38D2A4}.Debug|Any CPU.Build.0 = Debug|Any CPU
		{FC868E9A-2C80-4C08-BB35-DECEEA38D2A4}.Release|Any CPU.ActiveCfg = Release|Any CPU
		{FC868E9A-2C80-4C08-BB35-DECEEA38D2A4}.Release|Any CPU.Build.0 = Release|Any CPU
		{311F4DC8-4986-488F-955A-3AC2BB908213}.Debug|Any CPU.ActiveCfg = Debug|Any CPU
		{311F4DC8-4986-488F-955A-3AC2BB908213}.Debug|Any CPU.Build.0 = Debug|Any CPU
		{311F4DC8-4986-488F-955A-3AC2BB908213}.Release|Any CPU.ActiveCfg = Release|Any CPU
		{311F4DC8-4986-488F-955A-3AC2BB908213}.Release|Any CPU.Build.0 = Release|Any CPU
		{6DF1899A-6D9E-4D75-99CC-9A8AF1E35790}.Debug|Any CPU.ActiveCfg = Debug|Any CPU
		{6DF1899A-6D9E-4D75-99CC-9A8AF1E35790}.Debug|Any CPU.Build.0 = Debug|Any CPU
		{6DF1899A-6D9E-4D75-99CC-9A8AF1E35790}.Release|Any CPU.ActiveCfg = Release|Any CPU
		{6DF1899A-6D9E-4D75-99CC-9A8AF1E35790}.Release|Any CPU.Build.0 = Release|Any CPU
		{6472BE24-0465-4A56-B99D-EB6EFB39CC72}.Debug|Any CPU.ActiveCfg = Debug|Any CPU
		{6472BE24-0465-4A56-B99D-EB6EFB39CC72}.Debug|Any CPU.Build.0 = Debug|Any CPU
		{6472BE24-0465-4A56-B99D-EB6EFB39CC72}.Release|Any CPU.ActiveCfg = Release|Any CPU
		{6472BE24-0465-4A56-B99D-EB6EFB39CC72}.Release|Any CPU.Build.0 = Release|Any CPU
		{06B5F89C-F135-4064-88DD-7F52ADC31BDB}.Debug|Any CPU.ActiveCfg = Debug|Any CPU
		{06B5F89C-F135-4064-88DD-7F52ADC31BDB}.Debug|Any CPU.Build.0 = Debug|Any CPU
		{06B5F89C-F135-4064-88DD-7F52ADC31BDB}.Release|Any CPU.ActiveCfg = Release|Any CPU
		{06B5F89C-F135-4064-88DD-7F52ADC31BDB}.Release|Any CPU.Build.0 = Release|Any CPU
	EndGlobalSection
	GlobalSection(SolutionProperties) = preSolution
		HideSolutionNode = FALSE
	EndGlobalSection
	GlobalSection(NestedProjects) = preSolution
		{60AA1F82-A9F1-4888-A4D2-E794070E8F75} = {B1FDC043-BF6F-49FD-B52D-69A7763024E0}
		{FC868E9A-2C80-4C08-BB35-DECEEA38D2A4} = {52AEA4E6-A051-4AE5-A0D7-D4DBEDFAF493}
		{311F4DC8-4986-488F-955A-3AC2BB908213} = {A8719D23-2CB5-4F2E-A4C9-00892760212E}
		{6DF1899A-6D9E-4D75-99CC-9A8AF1E35790} = {702385B8-84A5-4B9F-AD97-6B8BE9D07516}
		{6472BE24-0465-4A56-B99D-EB6EFB39CC72} = {52AEA4E6-A051-4AE5-A0D7-D4DBEDFAF493}
		{06B5F89C-F135-4064-88DD-7F52ADC31BDB} = {702385B8-84A5-4B9F-AD97-6B8BE9D07516}
	EndGlobalSection
	GlobalSection(ExtensibilityGlobals) = postSolution
		SolutionGuid = {D5525D66-DAF9-4682-AF19-5C6D02A921DB}
	EndGlobalSection
EndGlobal
